
Microsoft Visual Studio Solution File, Format Version 12.00
# Visual Studio 15
VisualStudioVersion = 15.0.28307.329
MinimumVisualStudioVersion = 10.0.40219.1
Project("{FAE04EC0-301F-11D3-BF4B-00C04F79EFBC}") = "API.DotNetCore", "API.DotNetCore\API.DotNetCore.csproj", "{ADBAA36C-D211-481F-85C4-1F1F0BE653B5}"
EndProject
Project("{9A19103F-16F7-4668-BE54-9A1E7A4F7556}") = "Application.Core", "Application.Core\Application.Core.csproj", "{FC8BC00D-397A-44A8-80F3-998B96485347}"
EndProject
Project("{9A19103F-16F7-4668-BE54-9A1E7A4F7556}") = "Application.EntityFrameworkCore", "Application.EntityFrameworkCore\Application.EntityFrameworkCore.csproj", "{1BE723AD-07D2-4440-A1B1-D342981FD606}"
EndProject
Project("{9A19103F-16F7-4668-BE54-9A1E7A4F7556}") = "Application.Repository", "Application.Repository\Application.Repository.csproj", "{639E8C5A-1076-4474-A623-C721D3C11D09}"
EndProject
Project("{FAE04EC0-301F-11D3-BF4B-00C04F79EFBC}") = "Application.Common", "Application.Common\Application.Common.csproj", "{E9739CBE-F129-4EAF-B39B-602E1ED343AA}"
EndProject
Global
	GlobalSection(SolutionConfigurationPlatforms) = preSolution
		Debug|Any CPU = Debug|Any CPU
		Release|Any CPU = Release|Any CPU
	EndGlobalSection
	GlobalSection(ProjectConfigurationPlatforms) = postSolution
		{ADBAA36C-D211-481F-85C4-1F1F0BE653B5}.Debug|Any CPU.ActiveCfg = Debug|Any CPU
		{ADBAA36C-D211-481F-85C4-1F1F0BE653B5}.Debug|Any CPU.Build.0 = Debug|Any CPU
		{ADBAA36C-D211-481F-85C4-1F1F0BE653B5}.Release|Any CPU.ActiveCfg = Release|Any CPU
		{ADBAA36C-D211-481F-85C4-1F1F0BE653B5}.Release|Any CPU.Build.0 = Release|Any CPU
		{FC8BC00D-397A-44A8-80F3-998B96485347}.Debug|Any CPU.ActiveCfg = Debug|Any CPU
		{FC8BC00D-397A-44A8-80F3-998B96485347}.Debug|Any CPU.Build.0 = Debug|Any CPU
		{FC8BC00D-397A-44A8-80F3-998B96485347}.Release|Any CPU.ActiveCfg = Release|Any CPU
		{FC8BC00D-397A-44A8-80F3-998B96485347}.Release|Any CPU.Build.0 = Release|Any CPU
		{1BE723AD-07D2-4440-A1B1-D342981FD606}.Debug|Any CPU.ActiveCfg = Debug|Any CPU
		{1BE723AD-07D2-4440-A1B1-D342981FD606}.Debug|Any CPU.Build.0 = Debug|Any CPU
		{1BE723AD-07D2-4440-A1B1-D342981FD606}.Release|Any CPU.ActiveCfg = Release|Any CPU
		{1BE723AD-07D2-4440-A1B1-D342981FD606}.Release|Any CPU.Build.0 = Release|Any CPU
		{639E8C5A-1076-4474-A623-C721D3C11D09}.Debug|Any CPU.ActiveCfg = Debug|Any CPU
		{639E8C5A-1076-4474-A623-C721D3C11D09}.Debug|Any CPU.Build.0 = Debug|Any CPU
		{639E8C5A-1076-4474-A623-C721D3C11D09}.Release|Any CPU.ActiveCfg = Release|Any CPU
		{639E8C5A-1076-4474-A623-C721D3C11D09}.Release|Any CPU.Build.0 = Release|Any CPU
		{E9739CBE-F129-4EAF-B39B-602E1ED343AA}.Debug|Any CPU.ActiveCfg = Debug|Any CPU
		{E9739CBE-F129-4EAF-B39B-602E1ED343AA}.Debug|Any CPU.Build.0 = Debug|Any CPU
		{E9739CBE-F129-4EAF-B39B-602E1ED343AA}.Release|Any CPU.ActiveCfg = Release|Any CPU
		{E9739CBE-F129-4EAF-B39B-602E1ED343AA}.Release|Any CPU.Build.0 = Release|Any CPU
	EndGlobalSection
	GlobalSection(SolutionProperties) = preSolution
		HideSolutionNode = FALSE
	EndGlobalSection
	GlobalSection(ExtensibilityGlobals) = postSolution
		SolutionGuid = {0EAE3B65-5CC8-4FBE-972C-5A817FB1DD34}
	EndGlobalSection
EndGlobal
